
Microsoft Visual Studio Solution File, Format Version 12.00
Project("{FAE04EC0-301F-11D3-BF4B-00C04F79EFBC}") = "TestProject1", "TestProject1\TestProject1.csproj", "{D038F798-667A-47D0-98DE-94FAEF57124A}"
EndProject
Project("{FAE04EC0-301F-11D3-BF4B-00C04F79EFBC}") = "WebApplication1", "SomeAPi\WebApplication1.csproj", "{F9C52213-85C4-42C7-B765-16E7F1FBB153}"
EndProject
Project("{FAE04EC0-301F-11D3-BF4B-00C04F79EFBC}") = "BackgroundWorker", "SomeBackgroundWorker\BackgroundWorker.csproj", "{D7042D2D-E250-4D14-BD39-6852B0AFA06D}"
EndProject
Global
	GlobalSection(SolutionConfigurationPlatforms) = preSolution
		Debug|Any CPU = Debug|Any CPU
		Release|Any CPU = Release|Any CPU
	EndGlobalSection
	GlobalSection(ProjectConfigurationPlatforms) = postSolution
		{D038F798-667A-47D0-98DE-94FAEF57124A}.Debug|Any CPU.ActiveCfg = Debug|Any CPU
		{D038F798-667A-47D0-98DE-94FAEF57124A}.Debug|Any CPU.Build.0 = Debug|Any CPU
		{D038F798-667A-47D0-98DE-94FAEF57124A}.Release|Any CPU.ActiveCfg = Release|Any CPU
		{D038F798-667A-47D0-98DE-94FAEF57124A}.Release|Any CPU.Build.0 = Release|Any CPU
		{F9C52213-85C4-42C7-B765-16E7F1FBB153}.Debug|Any CPU.ActiveCfg = Debug|Any CPU
		{F9C52213-85C4-42C7-B765-16E7F1FBB153}.Debug|Any CPU.Build.0 = Debug|Any CPU
		{F9C52213-85C4-42C7-B765-16E7F1FBB153}.Release|Any CPU.ActiveCfg = Release|Any CPU
		{F9C52213-85C4-42C7-B765-16E7F1FBB153}.Release|Any CPU.Build.0 = Release|Any CPU
		{D7042D2D-E250-4D14-BD39-6852B0AFA06D}.Debug|Any CPU.ActiveCfg = Debug|Any CPU
		{D7042D2D-E250-4D14-BD39-6852B0AFA06D}.Debug|Any CPU.Build.0 = Debug|Any CPU
		{D7042D2D-E250-4D14-BD39-6852B0AFA06D}.Release|Any CPU.ActiveCfg = Release|Any CPU
		{D7042D2D-E250-4D14-BD39-6852B0AFA06D}.Release|Any CPU.Build.0 = Release|Any CPU
	EndGlobalSection
EndGlobal
